// !$*UTF8*$!
{
	archiveVersion = 1;
	classes = {
	};
	objectVersion = 50;
	objects = {

/* Begin PBXBuildFile section */
		FB00E565218514DC00E66099 /* DataModel.xcdatamodeld in Sources */ = {isa = PBXBuildFile; fileRef = FB00E5432185137000E66099 /* DataModel.xcdatamodeld */; };
		FB00E5682185183600E66099 /* settingsViewController.swift in Sources */ = {isa = PBXBuildFile; fileRef = FB00E5662185183600E66099 /* settingsViewController.swift */; };
		FB00E5692185183600E66099 /* settingsViewController.xib in Resources */ = {isa = PBXBuildFile; fileRef = FB00E5672185183600E66099 /* settingsViewController.xib */; };
		FB1630E7217CCBD900AD6E46 /* AppDelegate.swift in Sources */ = {isa = PBXBuildFile; fileRef = FB1630E6217CCBD900AD6E46 /* AppDelegate.swift */; };
		FB1630E9217CCBDA00AD6E46 /* Assets.xcassets in Resources */ = {isa = PBXBuildFile; fileRef = FB1630E8217CCBDA00AD6E46 /* Assets.xcassets */; };
		FB1630EC217CCBDA00AD6E46 /* MainMenu.xib in Resources */ = {isa = PBXBuildFile; fileRef = FB1630EA217CCBDA00AD6E46 /* MainMenu.xib */; };
		FB1630F5217CD0CE00AD6E46 /* StatusMenuController.swift in Sources */ = {isa = PBXBuildFile; fileRef = FB1630F4217CD0CE00AD6E46 /* StatusMenuController.swift */; };
		FB39A4A721825BED009951AB /* Bar.swift in Sources */ = {isa = PBXBuildFile; fileRef = FB39A4A621825BED009951AB /* Bar.swift */; };
		FB39A4A92182615A009951AB /* Crayola.swift in Sources */ = {isa = PBXBuildFile; fileRef = FB39A4A82182615A009951AB /* Crayola.swift */; };
		FBB7FC382180D836003C274E /* Thyme.swift in Sources */ = {isa = PBXBuildFile; fileRef = FBB7FC372180D836003C274E /* Thyme.swift */; };
		FBB7FC3A2180DACD003C274E /* Humanify.swift in Sources */ = {isa = PBXBuildFile; fileRef = FBB7FC392180DACD003C274E /* Humanify.swift */; };
		FBB7FC3C2180DF75003C274E /* AppItemView.swift in Sources */ = {isa = PBXBuildFile; fileRef = FBB7FC3B2180DF75003C274E /* AppItemView.swift */; };
/* End PBXBuildFile section */

/* Begin PBXFileReference section */
		FB00E5442185137000E66099 /* DataModel.xcdatamodel */ = {isa = PBXFileReference; lastKnownFileType = wrapper.xcdatamodel; path = DataModel.xcdatamodel; sourceTree = "<group>"; };
		FB00E5662185183600E66099 /* settingsViewController.swift */ = {isa = PBXFileReference; lastKnownFileType = sourcecode.swift; path = settingsViewController.swift; sourceTree = "<group>"; };
		FB00E5672185183600E66099 /* settingsViewController.xib */ = {isa = PBXFileReference; lastKnownFileType = file.xib; path = settingsViewController.xib; sourceTree = "<group>"; };
		FB1630E3217CCBD900AD6E46 /* ThymeBar.app */ = {isa = PBXFileReference; explicitFileType = wrapper.application; includeInIndex = 0; path = ThymeBar.app; sourceTree = BUILT_PRODUCTS_DIR; };
		FB1630E6217CCBD900AD6E46 /* AppDelegate.swift */ = {isa = PBXFileReference; lastKnownFileType = sourcecode.swift; path = AppDelegate.swift; sourceTree = "<group>"; };
		FB1630E8217CCBDA00AD6E46 /* Assets.xcassets */ = {isa = PBXFileReference; lastKnownFileType = folder.assetcatalog; path = Assets.xcassets; sourceTree = "<group>"; };
		FB1630EB217CCBDA00AD6E46 /* Base */ = {isa = PBXFileReference; lastKnownFileType = file.xib; name = Base; path = Base.lproj/MainMenu.xib; sourceTree = "<group>"; };
		FB1630ED217CCBDA00AD6E46 /* Info.plist */ = {isa = PBXFileReference; lastKnownFileType = text.plist.xml; path = Info.plist; sourceTree = "<group>"; };
		FB1630EE217CCBDA00AD6E46 /* ThymeBar.entitlements */ = {isa = PBXFileReference; lastKnownFileType = text.plist.entitlements; path = ThymeBar.entitlements; sourceTree = "<group>"; };
		FB1630F4217CD0CE00AD6E46 /* StatusMenuController.swift */ = {isa = PBXFileReference; lastKnownFileType = sourcecode.swift; path = StatusMenuController.swift; sourceTree = "<group>"; };
		FB39A4A621825BED009951AB /* Bar.swift */ = {isa = PBXFileReference; lastKnownFileType = sourcecode.swift; path = Bar.swift; sourceTree = "<group>"; };
		FB39A4A82182615A009951AB /* Crayola.swift */ = {isa = PBXFileReference; lastKnownFileType = sourcecode.swift; path = Crayola.swift; sourceTree = "<group>"; };
		FBB7FC372180D836003C274E /* Thyme.swift */ = {isa = PBXFileReference; lastKnownFileType = sourcecode.swift; path = Thyme.swift; sourceTree = "<group>"; };
		FBB7FC392180DACD003C274E /* Humanify.swift */ = {isa = PBXFileReference; lastKnownFileType = sourcecode.swift; path = Humanify.swift; sourceTree = "<group>"; };
		FBB7FC3B2180DF75003C274E /* AppItemView.swift */ = {isa = PBXFileReference; lastKnownFileType = sourcecode.swift; path = AppItemView.swift; sourceTree = "<group>"; };
/* End PBXFileReference section */

/* Begin PBXFrameworksBuildPhase section */
		FB1630E0217CCBD900AD6E46 /* Frameworks */ = {
			isa = PBXFrameworksBuildPhase;
			buildActionMask = 2147483647;
			files = (
			);
			runOnlyForDeploymentPostprocessing = 0;
		};
/* End PBXFrameworksBuildPhase section */

/* Begin PBXGroup section */
		FB1630DA217CCBD900AD6E46 = {
			isa = PBXGroup;
			children = (
				FB1630E5217CCBD900AD6E46 /* ThymeBar */,
				FB1630E4217CCBD900AD6E46 /* Products */,
			);
			sourceTree = "<group>";
		};
		FB1630E4217CCBD900AD6E46 /* Products */ = {
			isa = PBXGroup;
			children = (
				FB1630E3217CCBD900AD6E46 /* ThymeBar.app */,
			);
			name = Products;
			sourceTree = "<group>";
		};
		FB1630E5217CCBD900AD6E46 /* ThymeBar */ = {
			isa = PBXGroup;
			children = (
				FB1630F4217CD0CE00AD6E46 /* StatusMenuController.swift */,
				FB1630E6217CCBD900AD6E46 /* AppDelegate.swift */,
				FB00E5662185183600E66099 /* settingsViewController.swift */,
				FBB7FC3B2180DF75003C274E /* AppItemView.swift */,
				FB39A4A82182615A009951AB /* Crayola.swift */,
				FB39A4A621825BED009951AB /* Bar.swift */,
				FBB7FC372180D836003C274E /* Thyme.swift */,
				FBB7FC392180DACD003C274E /* Humanify.swift */,
				FB00E5432185137000E66099 /* DataModel.xcdatamodeld */,
				FB1630E8217CCBDA00AD6E46 /* Assets.xcassets */,
				FB00E5672185183600E66099 /* settingsViewController.xib */,
				FB1630EA217CCBDA00AD6E46 /* MainMenu.xib */,
				FB1630ED217CCBDA00AD6E46 /* Info.plist */,
				FB1630EE217CCBDA00AD6E46 /* ThymeBar.entitlements */,
			);
			path = ThymeBar;
			sourceTree = "<group>";
		};
/* End PBXGroup section */

/* Begin PBXNativeTarget section */
		FB1630E2217CCBD900AD6E46 /* ThymeBar */ = {
			isa = PBXNativeTarget;
			buildConfigurationList = FB1630F1217CCBDA00AD6E46 /* Build configuration list for PBXNativeTarget "ThymeBar" */;
			buildPhases = (
				FB1630DF217CCBD900AD6E46 /* Sources */,
				FB1630E0217CCBD900AD6E46 /* Frameworks */,
				FB1630E1217CCBD900AD6E46 /* Resources */,
				FBACE4DC217F4E20004900AA /* ShellScript */,
			);
			buildRules = (
			);
			dependencies = (
			);
			name = ThymeBar;
			productName = ThymeBar;
			productReference = FB1630E3217CCBD900AD6E46 /* ThymeBar.app */;
			productType = "com.apple.product-type.application";
		};
/* End PBXNativeTarget section */

/* Begin PBXProject section */
		FB1630DB217CCBD900AD6E46 /* Project object */ = {
			isa = PBXProject;
			attributes = {
				LastSwiftUpdateCheck = 1000;
				LastUpgradeCheck = 1000;
				ORGANIZATIONNAME = "Ian Ruh";
				TargetAttributes = {
					FB1630E2217CCBD900AD6E46 = {
						CreatedOnToolsVersion = 10.0;
						SystemCapabilities = {
							com.apple.Sandbox = {
								enabled = 0;
							};
						};
					};
				};
			};
			buildConfigurationList = FB1630DE217CCBD900AD6E46 /* Build configuration list for PBXProject "ThymeBar" */;
			compatibilityVersion = "Xcode 9.3";
			developmentRegion = en;
			hasScannedForEncodings = 0;
			knownRegions = (
				en,
				Base,
			);
			mainGroup = FB1630DA217CCBD900AD6E46;
			productRefGroup = FB1630E4217CCBD900AD6E46 /* Products */;
			projectDirPath = "";
			projectRoot = "";
			targets = (
				FB1630E2217CCBD900AD6E46 /* ThymeBar */,
			);
		};
/* End PBXProject section */

/* Begin PBXResourcesBuildPhase section */
		FB1630E1217CCBD900AD6E46 /* Resources */ = {
			isa = PBXResourcesBuildPhase;
			buildActionMask = 2147483647;
			files = (
				FB1630E9217CCBDA00AD6E46 /* Assets.xcassets in Resources */,
				FB1630EC217CCBDA00AD6E46 /* MainMenu.xib in Resources */,
				FB00E5692185183600E66099 /* settingsViewController.xib in Resources */,
			);
			runOnlyForDeploymentPostprocessing = 0;
		};
/* End PBXResourcesBuildPhase section */

/* Begin PBXShellScriptBuildPhase section */
		FBACE4DC217F4E20004900AA /* ShellScript */ = {
			isa = PBXShellScriptBuildPhase;
			buildActionMask = 8;
			files = (
			);
			inputFileListPaths = (
			);
			inputPaths = (
				"$(BUILT_PRODUCTS_DIR)/$(INFOPLIST_PATH)",
			);
			outputFileListPaths = (
			);
			outputPaths = (
			);
			runOnlyForDeploymentPostprocessing = 1;
			shellPath = /bin/sh;
			shellScript = "# Type a script or drag a script file from your workspace to insert its path.\n";
		};
/* End PBXShellScriptBuildPhase section */

/* Begin PBXSourcesBuildPhase section */
		FB1630DF217CCBD900AD6E46 /* Sources */ = {
			isa = PBXSourcesBuildPhase;
			buildActionMask = 2147483647;
			files = (
				FBB7FC382180D836003C274E /* Thyme.swift in Sources */,
				FB00E565218514DC00E66099 /* DataModel.xcdatamodeld in Sources */,
				FB00E5682185183600E66099 /* settingsViewController.swift in Sources */,
				FB1630F5217CD0CE00AD6E46 /* StatusMenuController.swift in Sources */,
				FBB7FC3A2180DACD003C274E /* Humanify.swift in Sources */,
				FB39A4A721825BED009951AB /* Bar.swift in Sources */,
				FB1630E7217CCBD900AD6E46 /* AppDelegate.swift in Sources */,
				FB39A4A92182615A009951AB /* Crayola.swift in Sources */,
				FBB7FC3C2180DF75003C274E /* AppItemView.swift in Sources */,
			);
			runOnlyForDeploymentPostprocessing = 0;
		};
/* End PBXSourcesBuildPhase section */

/* Begin PBXVariantGroup section */
		FB1630EA217CCBDA00AD6E46 /* MainMenu.xib */ = {
			isa = PBXVariantGroup;
			children = (
				FB1630EB217CCBDA00AD6E46 /* Base */,
			);
			name = MainMenu.xib;
			sourceTree = "<group>";
		};
/* End PBXVariantGroup section */

/* Begin XCBuildConfiguration section */
		FB1630EF217CCBDA00AD6E46 /* Debug */ = {
			isa = XCBuildConfiguration;
			buildSettings = {
				ALWAYS_SEARCH_USER_PATHS = NO;
				CLANG_ANALYZER_NONNULL = YES;
				CLANG_ANALYZER_NUMBER_OBJECT_CONVERSION = YES_AGGRESSIVE;
				CLANG_CXX_LANGUAGE_STANDARD = "gnu++14";
				CLANG_CXX_LIBRARY = "libc++";
				CLANG_ENABLE_MODULES = YES;
				CLANG_ENABLE_OBJC_ARC = YES;
				CLANG_ENABLE_OBJC_WEAK = YES;
				CLANG_WARN_BLOCK_CAPTURE_AUTORELEASING = YES;
				CLANG_WARN_BOOL_CONVERSION = YES;
				CLANG_WARN_COMMA = YES;
				CLANG_WARN_CONSTANT_CONVERSION = YES;
				CLANG_WARN_DEPRECATED_OBJC_IMPLEMENTATIONS = YES;
				CLANG_WARN_DIRECT_OBJC_ISA_USAGE = YES_ERROR;
				CLANG_WARN_DOCUMENTATION_COMMENTS = YES;
				CLANG_WARN_EMPTY_BODY = YES;
				CLANG_WARN_ENUM_CONVERSION = YES;
				CLANG_WARN_INFINITE_RECURSION = YES;
				CLANG_WARN_INT_CONVERSION = YES;
				CLANG_WARN_NON_LITERAL_NULL_CONVERSION = YES;
				CLANG_WARN_OBJC_IMPLICIT_RETAIN_SELF = YES;
				CLANG_WARN_OBJC_LITERAL_CONVERSION = YES;
				CLANG_WARN_OBJC_ROOT_CLASS = YES_ERROR;
				CLANG_WARN_RANGE_LOOP_ANALYSIS = YES;
				CLANG_WARN_STRICT_PROTOTYPES = YES;
				CLANG_WARN_SUSPICIOUS_MOVE = YES;
				CLANG_WARN_UNGUARDED_AVAILABILITY = YES_AGGRESSIVE;
				CLANG_WARN_UNREACHABLE_CODE = YES;
				CLANG_WARN__DUPLICATE_METHOD_MATCH = YES;
				CODE_SIGN_IDENTITY = "Mac Developer";
				COPY_PHASE_STRIP = NO;
				DEBUG_INFORMATION_FORMAT = dwarf;
				ENABLE_STRICT_OBJC_MSGSEND = YES;
				ENABLE_TESTABILITY = YES;
				GCC_C_LANGUAGE_STANDARD = gnu11;
				GCC_DYNAMIC_NO_PIC = NO;
				GCC_NO_COMMON_BLOCKS = YES;
				GCC_OPTIMIZATION_LEVEL = 0;
				GCC_PREPROCESSOR_DEFINITIONS = (
					"DEBUG=1",
					"$(inherited)",
				);
				GCC_WARN_64_TO_32_BIT_CONVERSION = YES;
				GCC_WARN_ABOUT_RETURN_TYPE = YES_ERROR;
				GCC_WARN_UNDECLARED_SELECTOR = YES;
				GCC_WARN_UNINITIALIZED_AUTOS = YES_AGGRESSIVE;
				GCC_WARN_UNUSED_FUNCTION = YES;
				GCC_WARN_UNUSED_VARIABLE = YES;
				MACOSX_DEPLOYMENT_TARGET = 10.14;
				MTL_ENABLE_DEBUG_INFO = INCLUDE_SOURCE;
				MTL_FAST_MATH = YES;
				ONLY_ACTIVE_ARCH = YES;
				SDKROOT = macosx;
				SWIFT_ACTIVE_COMPILATION_CONDITIONS = DEBUG;
				SWIFT_OPTIMIZATION_LEVEL = "-Onone";
			};
			name = Debug;
		};
		FB1630F0217CCBDA00AD6E46 /* Release */ = {
			isa = XCBuildConfiguration;
			buildSettings = {
				ALWAYS_SEARCH_USER_PATHS = NO;
				CLANG_ANALYZER_NONNULL = YES;
				CLANG_ANALYZER_NUMBER_OBJECT_CONVERSION = YES_AGGRESSIVE;
				CLANG_CXX_LANGUAGE_STANDARD = "gnu++14";
				CLANG_CXX_LIBRARY = "libc++";
				CLANG_ENABLE_MODULES = YES;
				CLANG_ENABLE_OBJC_ARC = YES;
				CLANG_ENABLE_OBJC_WEAK = YES;
				CLANG_WARN_BLOCK_CAPTURE_AUTORELEASING = YES;
				CLANG_WARN_BOOL_CONVERSION = YES;
				CLANG_WARN_COMMA = YES;
				CLANG_WARN_CONSTANT_CONVERSION = YES;
				CLANG_WARN_DEPRECATED_OBJC_IMPLEMENTATIONS = YES;
				CLANG_WARN_DIRECT_OBJC_ISA_USAGE = YES_ERROR;
				CLANG_WARN_DOCUMENTATION_COMMENTS = YES;
				CLANG_WARN_EMPTY_BODY = YES;
				CLANG_WARN_ENUM_CONVERSION = YES;
				CLANG_WARN_INFINITE_RECURSION = YES;
				CLANG_WARN_INT_CONVERSION = YES;
				CLANG_WARN_NON_LITERAL_NULL_CONVERSION = YES;
				CLANG_WARN_OBJC_IMPLICIT_RETAIN_SELF = YES;
				CLANG_WARN_OBJC_LITERAL_CONVERSION = YES;
				CLANG_WARN_OBJC_ROOT_CLASS = YES_ERROR;
				CLANG_WARN_RANGE_LOOP_ANALYSIS = YES;
				CLANG_WARN_STRICT_PROTOTYPES = YES;
				CLANG_WARN_SUSPICIOUS_MOVE = YES;
				CLANG_WARN_UNGUARDED_AVAILABILITY = YES_AGGRESSIVE;
				CLANG_WARN_UNREACHABLE_CODE = YES;
				CLANG_WARN__DUPLICATE_METHOD_MATCH = YES;
				CODE_SIGN_IDENTITY = "Mac Developer";
				COPY_PHASE_STRIP = NO;
				DEBUG_INFORMATION_FORMAT = "dwarf-with-dsym";
				ENABLE_NS_ASSERTIONS = NO;
				ENABLE_STRICT_OBJC_MSGSEND = YES;
				GCC_C_LANGUAGE_STANDARD = gnu11;
				GCC_NO_COMMON_BLOCKS = YES;
				GCC_WARN_64_TO_32_BIT_CONVERSION = YES;
				GCC_WARN_ABOUT_RETURN_TYPE = YES_ERROR;
				GCC_WARN_UNDECLARED_SELECTOR = YES;
				GCC_WARN_UNINITIALIZED_AUTOS = YES_AGGRESSIVE;
				GCC_WARN_UNUSED_FUNCTION = YES;
				GCC_WARN_UNUSED_VARIABLE = YES;
				MACOSX_DEPLOYMENT_TARGET = 10.14;
				MTL_ENABLE_DEBUG_INFO = NO;
				MTL_FAST_MATH = YES;
				SDKROOT = macosx;
				SWIFT_COMPILATION_MODE = wholemodule;
				SWIFT_OPTIMIZATION_LEVEL = "-O";
			};
			name = Release;
		};
		FB1630F2217CCBDA00AD6E46 /* Debug */ = {
			isa = XCBuildConfiguration;
			buildSettings = {
				ASSETCATALOG_COMPILER_APPICON_NAME = AppIcon;
				CODE_SIGN_STYLE = Automatic;
				COMBINE_HIDPI_IMAGES = YES;
				DEVELOPMENT_TEAM = AJ3TSGW65L;
				INFOPLIST_FILE = ThymeBar/Info.plist;
				LD_RUNPATH_SEARCH_PATHS = (
					"$(inherited)",
					"@executable_path/../Frameworks",
				);
				PRODUCT_BUNDLE_IDENTIFIER = ian.ruh.io.ThymeBar;
				PRODUCT_NAME = "$(TARGET_NAME)";
				SWIFT_VERSION = 4.2;
			};
			name = Debug;
		};
		FB1630F3217CCBDA00AD6E46 /* Release */ = {
			isa = XCBuildConfiguration;
			buildSettings = {
				ASSETCATALOG_COMPILER_APPICON_NAME = AppIcon;
				CODE_SIGN_STYLE = Automatic;
				COMBINE_HIDPI_IMAGES = YES;
				DEVELOPMENT_TEAM = AJ3TSGW65L;
				INFOPLIST_FILE = ThymeBar/Info.plist;
				LD_RUNPATH_SEARCH_PATHS = (
					"$(inherited)",
					"@executable_path/../Frameworks",
				);
				PRODUCT_BUNDLE_IDENTIFIER = ian.ruh.io.ThymeBar;
				PRODUCT_NAME = "$(TARGET_NAME)";
				SWIFT_VERSION = 4.2;
			};
			name = Release;
		};
/* End XCBuildConfiguration section */

/* Begin XCConfigurationList section */
		FB1630DE217CCBD900AD6E46 /* Build configuration list for PBXProject "ThymeBar" */ = {
			isa = XCConfigurationList;
			buildConfigurations = (
				FB1630EF217CCBDA00AD6E46 /* Debug */,
				FB1630F0217CCBDA00AD6E46 /* Release */,
			);
			defaultConfigurationIsVisible = 0;
			defaultConfigurationName = Release;
		};
		FB1630F1217CCBDA00AD6E46 /* Build configuration list for PBXNativeTarget "ThymeBar" */ = {
			isa = XCConfigurationList;
			buildConfigurations = (
				FB1630F2217CCBDA00AD6E46 /* Debug */,
				FB1630F3217CCBDA00AD6E46 /* Release */,
			);
			defaultConfigurationIsVisible = 0;
			defaultConfigurationName = Release;
		};
/* End XCConfigurationList section */

/* Begin XCVersionGroup section */
		FB00E5432185137000E66099 /* DataModel.xcdatamodeld */ = {
			isa = XCVersionGroup;
			children = (
				FB00E5442185137000E66099 /* DataModel.xcdatamodel */,
			);
			currentVersion = FB00E5442185137000E66099 /* DataModel.xcdatamodel */;
			path = DataModel.xcdatamodeld;
			sourceTree = "<group>";
			versionGroupType = wrapper.xcdatamodel;
		};
/* End XCVersionGroup section */
	};
	rootObject = FB1630DB217CCBD900AD6E46 /* Project object */;
}
